
Microsoft Visual Studio Solution File, Format Version 12.00
# Visual Studio Version 17
VisualStudioVersion = 17.1.32421.90
MinimumVisualStudioVersion = 10.0.40219.1
Project("{FAE04EC0-301F-11D3-BF4B-00C04F79EFBC}") = "Ejercicio7", "Ejercicio7.csproj", "{D31D2F75-0661-4EC1-9D86-69CD82601ABD}"
EndProject
Global
	GlobalSection(SolutionConfigurationPlatforms) = preSolution
		Debug|Any CPU = Debug|Any CPU
		Release|Any CPU = Release|Any CPU
	EndGlobalSection
	GlobalSection(ProjectConfigurationPlatforms) = postSolution
		{D31D2F75-0661-4EC1-9D86-69CD82601ABD}.Debug|Any CPU.ActiveCfg = Debug|Any CPU
		{D31D2F75-0661-4EC1-9D86-69CD82601ABD}.Debug|Any CPU.Build.0 = Debug|Any CPU
		{D31D2F75-0661-4EC1-9D86-69CD82601ABD}.Release|Any CPU.ActiveCfg = Release|Any CPU
		{D31D2F75-0661-4EC1-9D86-69CD82601ABD}.Release|Any CPU.Build.0 = Release|Any CPU
	EndGlobalSection
	GlobalSection(SolutionProperties) = preSolution
		HideSolutionNode = FALSE
	EndGlobalSection
	GlobalSection(ExtensibilityGlobals) = postSolution
		SolutionGuid = {AFFB88E5-FDB7-4F93-8E86-6E1E0CAC8E4C}
	EndGlobalSection
EndGlobal
